
Microsoft Visual Studio Solution File, Format Version 12.00
# Visual Studio Version 17
VisualStudioVersion = 17.4.33213.308
MinimumVisualStudioVersion = 10.0.40219.1
Project("{FAE04EC0-301F-11D3-BF4B-00C04F79EFBC}") = "Teatr", "Teatr.csproj", "{D59D1A26-E32E-4AC2-984A-EAFAA61A86DB}"
EndProject
Global
	GlobalSection(SolutionConfigurationPlatforms) = preSolution
		Debug|Any CPU = Debug|Any CPU
		Release|Any CPU = Release|Any CPU
	EndGlobalSection
	GlobalSection(ProjectConfigurationPlatforms) = postSolution
		{D59D1A26-E32E-4AC2-984A-EAFAA61A86DB}.Debug|Any CPU.ActiveCfg = Debug|Any CPU
		{D59D1A26-E32E-4AC2-984A-EAFAA61A86DB}.Debug|Any CPU.Build.0 = Debug|Any CPU
		{D59D1A26-E32E-4AC2-984A-EAFAA61A86DB}.Release|Any CPU.ActiveCfg = Release|Any CPU
		{D59D1A26-E32E-4AC2-984A-EAFAA61A86DB}.Release|Any CPU.Build.0 = Release|Any CPU
	EndGlobalSection
	GlobalSection(SolutionProperties) = preSolution
		HideSolutionNode = FALSE
	EndGlobalSection
	GlobalSection(ExtensibilityGlobals) = postSolution
		SolutionGuid = {97D954C4-0F44-4C28-98C6-243F2BC2DB70}
	EndGlobalSection
EndGlobal
